// !$*UTF8*$!
{
	archiveVersion = 1;
	classes = {
	};
	objectVersion = 48;
	objects = {

/* Begin PBXBuildFile section */
		57C807422071B91C00D4D4B1 /* AppDelegate.swift in Sources */ = {isa = PBXBuildFile; fileRef = 57C807412071B91C00D4D4B1 /* AppDelegate.swift */; };
		57C807442071B91C00D4D4B1 /* ViewController.swift in Sources */ = {isa = PBXBuildFile; fileRef = 57C807432071B91C00D4D4B1 /* ViewController.swift */; };
		57C807472071B91C00D4D4B1 /* Main.storyboard in Resources */ = {isa = PBXBuildFile; fileRef = 57C807452071B91C00D4D4B1 /* Main.storyboard */; };
		57C807492071B91C00D4D4B1 /* Assets.xcassets in Resources */ = {isa = PBXBuildFile; fileRef = 57C807482071B91C00D4D4B1 /* Assets.xcassets */; };
		57C8074C2071B91C00D4D4B1 /* LaunchScreen.storyboard in Resources */ = {isa = PBXBuildFile; fileRef = 57C8074A2071B91C00D4D4B1 /* LaunchScreen.storyboard */; };
		57C807572071B91C00D4D4B1 /* RondoUIControlTestTests.swift in Sources */ = {isa = PBXBuildFile; fileRef = 57C807562071B91C00D4D4B1 /* RondoUIControlTestTests.swift */; };
		57C807622071B91C00D4D4B1 /* RondoUIControlTestUITests.swift in Sources */ = {isa = PBXBuildFile; fileRef = 57C807612071B91C00D4D4B1 /* RondoUIControlTestUITests.swift */; };
		57C807842071BB1900D4D4B1 /* RectPageControl.swift in Sources */ = {isa = PBXBuildFile; fileRef = 57C807702071BB1900D4D4B1 /* RectPageControl.swift */; };
		57C807852071BB1900D4D4B1 /* PageControlTestViewController.swift in Sources */ = {isa = PBXBuildFile; fileRef = 57C807712071BB1900D4D4B1 /* PageControlTestViewController.swift */; };
		57C807862071BB1900D4D4B1 /* QQAlertTestViewController.swift in Sources */ = {isa = PBXBuildFile; fileRef = 57C807732071BB1900D4D4B1 /* QQAlertTestViewController.swift */; };
		57C807872071BB1900D4D4B1 /* QAlertView.swift in Sources */ = {isa = PBXBuildFile; fileRef = 57C807742071BB1900D4D4B1 /* QAlertView.swift */; };
		57C807882071BB1900D4D4B1 /* RondoTableViewCell.swift in Sources */ = {isa = PBXBuildFile; fileRef = 57C807762071BB1900D4D4B1 /* RondoTableViewCell.swift */; };
		57C807892071BB1900D4D4B1 /* HorizontalViewController.swift in Sources */ = {isa = PBXBuildFile; fileRef = 57C807772071BB1900D4D4B1 /* HorizontalViewController.swift */; };
		57C8078A2071BB1900D4D4B1 /* RondoHorizontalTableView.swift in Sources */ = {isa = PBXBuildFile; fileRef = 57C807782071BB1900D4D4B1 /* RondoHorizontalTableView.swift */; };
		57C8078B2071BB1900D4D4B1 /* WechatSheetViewController.swift in Sources */ = {isa = PBXBuildFile; fileRef = 57C8077A2071BB1900D4D4B1 /* WechatSheetViewController.swift */; };
		57C8078C2071BB1900D4D4B1 /* WechatSheetTableViewCell.swift in Sources */ = {isa = PBXBuildFile; fileRef = 57C8077B2071BB1900D4D4B1 /* WechatSheetTableViewCell.swift */; };
		57C8078D2071BB1900D4D4B1 /* BaseViewController.swift in Sources */ = {isa = PBXBuildFile; fileRef = 57C8077E2071BB1900D4D4B1 /* BaseViewController.swift */; };
		57C8078E2071BB1900D4D4B1 /* PushDemoViewController.swift in Sources */ = {isa = PBXBuildFile; fileRef = 57C8077F2071BB1900D4D4B1 /* PushDemoViewController.swift */; };
		57C8078F2071BB1900D4D4B1 /* PushFirstViewController.swift in Sources */ = {isa = PBXBuildFile; fileRef = 57C807802071BB1900D4D4B1 /* PushFirstViewController.swift */; };
		57C807902071BB1900D4D4B1 /* PushAnimationProtocol.swift in Sources */ = {isa = PBXBuildFile; fileRef = 57C807822071BB1900D4D4B1 /* PushAnimationProtocol.swift */; };
		57C807912071BB1900D4D4B1 /* PopAnimationProtocol.swift in Sources */ = {isa = PBXBuildFile; fileRef = 57C807832071BB1900D4D4B1 /* PopAnimationProtocol.swift */; };
		57C807932071BB3900D4D4B1 /* MacroFile.swift in Sources */ = {isa = PBXBuildFile; fileRef = 57C807922071BB3900D4D4B1 /* MacroFile.swift */; };
		EA6AF65208E90ADA19CFF562 /* Pods_RondoUIControlTest.framework in Frameworks */ = {isa = PBXBuildFile; fileRef = F2C43881AD5B4B3932754136 /* Pods_RondoUIControlTest.framework */; };
/* End PBXBuildFile section */

/* Begin PBXContainerItemProxy section */
		57C807532071B91C00D4D4B1 /* PBXContainerItemProxy */ = {
			isa = PBXContainerItemProxy;
			containerPortal = 57C807362071B91C00D4D4B1 /* Project object */;
			proxyType = 1;
			remoteGlobalIDString = 57C8073D2071B91C00D4D4B1;
			remoteInfo = RondoUIControlTest;
		};
		57C8075E2071B91C00D4D4B1 /* PBXContainerItemProxy */ = {
			isa = PBXContainerItemProxy;
			containerPortal = 57C807362071B91C00D4D4B1 /* Project object */;
			proxyType = 1;
			remoteGlobalIDString = 57C8073D2071B91C00D4D4B1;
			remoteInfo = RondoUIControlTest;
		};
/* End PBXContainerItemProxy section */

/* Begin PBXFileReference section */
		57C8073E2071B91C00D4D4B1 /* RondoUIControlTest.app */ = {isa = PBXFileReference; explicitFileType = wrapper.application; includeInIndex = 0; path = RondoUIControlTest.app; sourceTree = BUILT_PRODUCTS_DIR; };
		57C807412071B91C00D4D4B1 /* AppDelegate.swift */ = {isa = PBXFileReference; lastKnownFileType = sourcecode.swift; path = AppDelegate.swift; sourceTree = "<group>"; };
		57C807432071B91C00D4D4B1 /* ViewController.swift */ = {isa = PBXFileReference; lastKnownFileType = sourcecode.swift; path = ViewController.swift; sourceTree = "<group>"; };
		57C807462071B91C00D4D4B1 /* Base */ = {isa = PBXFileReference; lastKnownFileType = file.storyboard; name = Base; path = Base.lproj/Main.storyboard; sourceTree = "<group>"; };
		57C807482071B91C00D4D4B1 /* Assets.xcassets */ = {isa = PBXFileReference; lastKnownFileType = folder.assetcatalog; path = Assets.xcassets; sourceTree = "<group>"; };
		57C8074B2071B91C00D4D4B1 /* Base */ = {isa = PBXFileReference; lastKnownFileType = file.storyboard; name = Base; path = Base.lproj/LaunchScreen.storyboard; sourceTree = "<group>"; };
		57C8074D2071B91C00D4D4B1 /* Info.plist */ = {isa = PBXFileReference; lastKnownFileType = text.plist.xml; path = Info.plist; sourceTree = "<group>"; };
		57C807522071B91C00D4D4B1 /* RondoUIControlTestTests.xctest */ = {isa = PBXFileReference; explicitFileType = wrapper.cfbundle; includeInIndex = 0; path = RondoUIControlTestTests.xctest; sourceTree = BUILT_PRODUCTS_DIR; };
		57C807562071B91C00D4D4B1 /* RondoUIControlTestTests.swift */ = {isa = PBXFileReference; lastKnownFileType = sourcecode.swift; path = RondoUIControlTestTests.swift; sourceTree = "<group>"; };
		57C807582071B91C00D4D4B1 /* Info.plist */ = {isa = PBXFileReference; lastKnownFileType = text.plist.xml; path = Info.plist; sourceTree = "<group>"; };
		57C8075D2071B91C00D4D4B1 /* RondoUIControlTestUITests.xctest */ = {isa = PBXFileReference; explicitFileType = wrapper.cfbundle; includeInIndex = 0; path = RondoUIControlTestUITests.xctest; sourceTree = BUILT_PRODUCTS_DIR; };
		57C807612071B91C00D4D4B1 /* RondoUIControlTestUITests.swift */ = {isa = PBXFileReference; lastKnownFileType = sourcecode.swift; path = RondoUIControlTestUITests.swift; sourceTree = "<group>"; };
		57C807632071B91C00D4D4B1 /* Info.plist */ = {isa = PBXFileReference; lastKnownFileType = text.plist.xml; path = Info.plist; sourceTree = "<group>"; };
		57C807702071BB1900D4D4B1 /* RectPageControl.swift */ = {isa = PBXFileReference; fileEncoding = 4; lastKnownFileType = sourcecode.swift; path = RectPageControl.swift; sourceTree = "<group>"; };
		57C807712071BB1900D4D4B1 /* PageControlTestViewController.swift */ = {isa = PBXFileReference; fileEncoding = 4; lastKnownFileType = sourcecode.swift; path = PageControlTestViewController.swift; sourceTree = "<group>"; };
		57C807732071BB1900D4D4B1 /* QQAlertTestViewController.swift */ = {isa = PBXFileReference; fileEncoding = 4; lastKnownFileType = sourcecode.swift; path = QQAlertTestViewController.swift; sourceTree = "<group>"; };
		57C807742071BB1900D4D4B1 /* QAlertView.swift */ = {isa = PBXFileReference; fileEncoding = 4; lastKnownFileType = sourcecode.swift; path = QAlertView.swift; sourceTree = "<group>"; };
		57C807762071BB1900D4D4B1 /* RondoTableViewCell.swift */ = {isa = PBXFileReference; fileEncoding = 4; lastKnownFileType = sourcecode.swift; path = RondoTableViewCell.swift; sourceTree = "<group>"; };
		57C807772071BB1900D4D4B1 /* HorizontalViewController.swift */ = {isa = PBXFileReference; fileEncoding = 4; lastKnownFileType = sourcecode.swift; path = HorizontalViewController.swift; sourceTree = "<group>"; };
		57C807782071BB1900D4D4B1 /* RondoHorizontalTableView.swift */ = {isa = PBXFileReference; fileEncoding = 4; lastKnownFileType = sourcecode.swift; path = RondoHorizontalTableView.swift; sourceTree = "<group>"; };
		57C8077A2071BB1900D4D4B1 /* WechatSheetViewController.swift */ = {isa = PBXFileReference; fileEncoding = 4; lastKnownFileType = sourcecode.swift; path = WechatSheetViewController.swift; sourceTree = "<group>"; };
		57C8077B2071BB1900D4D4B1 /* WechatSheetTableViewCell.swift */ = {isa = PBXFileReference; fileEncoding = 4; lastKnownFileType = sourcecode.swift; path = WechatSheetTableViewCell.swift; sourceTree = "<group>"; };
		57C8077E2071BB1900D4D4B1 /* BaseViewController.swift */ = {isa = PBXFileReference; fileEncoding = 4; lastKnownFileType = sourcecode.swift; path = BaseViewController.swift; sourceTree = "<group>"; };
		57C8077F2071BB1900D4D4B1 /* PushDemoViewController.swift */ = {isa = PBXFileReference; fileEncoding = 4; lastKnownFileType = sourcecode.swift; path = PushDemoViewController.swift; sourceTree = "<group>"; };
		57C807802071BB1900D4D4B1 /* PushFirstViewController.swift */ = {isa = PBXFileReference; fileEncoding = 4; lastKnownFileType = sourcecode.swift; path = PushFirstViewController.swift; sourceTree = "<group>"; };
		57C807822071BB1900D4D4B1 /* PushAnimationProtocol.swift */ = {isa = PBXFileReference; fileEncoding = 4; lastKnownFileType = sourcecode.swift; path = PushAnimationProtocol.swift; sourceTree = "<group>"; };
		57C807832071BB1900D4D4B1 /* PopAnimationProtocol.swift */ = {isa = PBXFileReference; fileEncoding = 4; lastKnownFileType = sourcecode.swift; path = PopAnimationProtocol.swift; sourceTree = "<group>"; };
		57C807922071BB3900D4D4B1 /* MacroFile.swift */ = {isa = PBXFileReference; fileEncoding = 4; lastKnownFileType = sourcecode.swift; path = MacroFile.swift; sourceTree = "<group>"; };
		57C807942071BBA200D4D4B1 /* RondoUIControlTest-Bridging-Header.h */ = {isa = PBXFileReference; lastKnownFileType = sourcecode.c.h; path = "RondoUIControlTest-Bridging-Header.h"; sourceTree = "<group>"; };
		87F857E7E669F3076259DB25 /* Pods-RondoUIControlTest.release.xcconfig */ = {isa = PBXFileReference; includeInIndex = 1; lastKnownFileType = text.xcconfig; name = "Pods-RondoUIControlTest.release.xcconfig"; path = "Pods/Target Support Files/Pods-RondoUIControlTest/Pods-RondoUIControlTest.release.xcconfig"; sourceTree = "<group>"; };
		F2C43881AD5B4B3932754136 /* Pods_RondoUIControlTest.framework */ = {isa = PBXFileReference; explicitFileType = wrapper.framework; includeInIndex = 0; path = Pods_RondoUIControlTest.framework; sourceTree = BUILT_PRODUCTS_DIR; };
		F2DDD51CA611F7282FA3E45F /* Pods-RondoUIControlTest.debug.xcconfig */ = {isa = PBXFileReference; includeInIndex = 1; lastKnownFileType = text.xcconfig; name = "Pods-RondoUIControlTest.debug.xcconfig"; path = "Pods/Target Support Files/Pods-RondoUIControlTest/Pods-RondoUIControlTest.debug.xcconfig"; sourceTree = "<group>"; };
/* End PBXFileReference section */

/* Begin PBXFrameworksBuildPhase section */
		57C8073B2071B91C00D4D4B1 /* Frameworks */ = {
			isa = PBXFrameworksBuildPhase;
			buildActionMask = 2147483647;
			files = (
				EA6AF65208E90ADA19CFF562 /* Pods_RondoUIControlTest.framework in Frameworks */,
			);
			runOnlyForDeploymentPostprocessing = 0;
		};
		57C8074F2071B91C00D4D4B1 /* Frameworks */ = {
			isa = PBXFrameworksBuildPhase;
			buildActionMask = 2147483647;
			files = (
			);
			runOnlyForDeploymentPostprocessing = 0;
		};
		57C8075A2071B91C00D4D4B1 /* Frameworks */ = {
			isa = PBXFrameworksBuildPhase;
			buildActionMask = 2147483647;
			files = (
			);
			runOnlyForDeploymentPostprocessing = 0;
		};
/* End PBXFrameworksBuildPhase section */

/* Begin PBXGroup section */
		15EFBAB4CE40C1C49A451328 /* Pods */ = {
			isa = PBXGroup;
			children = (
				F2DDD51CA611F7282FA3E45F /* Pods-RondoUIControlTest.debug.xcconfig */,
				87F857E7E669F3076259DB25 /* Pods-RondoUIControlTest.release.xcconfig */,
			);
			name = Pods;
			sourceTree = "<group>";
		};
		33515D94AC756DC473F7A64F /* Frameworks */ = {
			isa = PBXGroup;
			children = (
				F2C43881AD5B4B3932754136 /* Pods_RondoUIControlTest.framework */,
			);
			name = Frameworks;
			sourceTree = "<group>";
		};
		57C807352071B91C00D4D4B1 = {
			isa = PBXGroup;
			children = (
				57C807402071B91C00D4D4B1 /* RondoUIControlTest */,
				57C807552071B91C00D4D4B1 /* RondoUIControlTestTests */,
				57C807602071B91C00D4D4B1 /* RondoUIControlTestUITests */,
				57C8073F2071B91C00D4D4B1 /* Products */,
				15EFBAB4CE40C1C49A451328 /* Pods */,
				33515D94AC756DC473F7A64F /* Frameworks */,
			);
			sourceTree = "<group>";
		};
		57C8073F2071B91C00D4D4B1 /* Products */ = {
			isa = PBXGroup;
			children = (
				57C8073E2071B91C00D4D4B1 /* RondoUIControlTest.app */,
				57C807522071B91C00D4D4B1 /* RondoUIControlTestTests.xctest */,
				57C8075D2071B91C00D4D4B1 /* RondoUIControlTestUITests.xctest */,
			);
			name = Products;
			sourceTree = "<group>";
		};
		57C807402071B91C00D4D4B1 /* RondoUIControlTest */ = {
			isa = PBXGroup;
			children = (
				57C807752071BB1900D4D4B1 /* horizontalTableView */,
				57C8077C2071BB1900D4D4B1 /* pushDemo */,
				57C807722071BB1900D4D4B1 /* qqAlert */,
				57C8076F2071BB1900D4D4B1 /* rectPageControl */,
				57C807792071BB1900D4D4B1 /* wechat */,
				57C807412071B91C00D4D4B1 /* AppDelegate.swift */,
				57C807432071B91C00D4D4B1 /* ViewController.swift */,
				57C807452071B91C00D4D4B1 /* Main.storyboard */,
				57C807482071B91C00D4D4B1 /* Assets.xcassets */,
				57C8074A2071B91C00D4D4B1 /* LaunchScreen.storyboard */,
				57C8074D2071B91C00D4D4B1 /* Info.plist */,
				57C807922071BB3900D4D4B1 /* MacroFile.swift */,
				57C807942071BBA200D4D4B1 /* RondoUIControlTest-Bridging-Header.h */,
			);
			path = RondoUIControlTest;
			sourceTree = "<group>";
		};
		57C807552071B91C00D4D4B1 /* RondoUIControlTestTests */ = {
			isa = PBXGroup;
			children = (
				57C807562071B91C00D4D4B1 /* RondoUIControlTestTests.swift */,
				57C807582071B91C00D4D4B1 /* Info.plist */,
			);
			path = RondoUIControlTestTests;
			sourceTree = "<group>";
		};
		57C807602071B91C00D4D4B1 /* RondoUIControlTestUITests */ = {
			isa = PBXGroup;
			children = (
				57C807612071B91C00D4D4B1 /* RondoUIControlTestUITests.swift */,
				57C807632071B91C00D4D4B1 /* Info.plist */,
			);
			path = RondoUIControlTestUITests;
			sourceTree = "<group>";
		};
		57C8076F2071BB1900D4D4B1 /* rectPageControl */ = {
			isa = PBXGroup;
			children = (
				57C807702071BB1900D4D4B1 /* RectPageControl.swift */,
				57C807712071BB1900D4D4B1 /* PageControlTestViewController.swift */,
			);
			path = rectPageControl;
			sourceTree = "<group>";
		};
		57C807722071BB1900D4D4B1 /* qqAlert */ = {
			isa = PBXGroup;
			children = (
				57C807732071BB1900D4D4B1 /* QQAlertTestViewController.swift */,
				57C807742071BB1900D4D4B1 /* QAlertView.swift */,
			);
			path = qqAlert;
			sourceTree = "<group>";
		};
		57C807752071BB1900D4D4B1 /* horizontalTableView */ = {
			isa = PBXGroup;
			children = (
				57C807762071BB1900D4D4B1 /* RondoTableViewCell.swift */,
				57C807772071BB1900D4D4B1 /* HorizontalViewController.swift */,
				57C807782071BB1900D4D4B1 /* RondoHorizontalTableView.swift */,
			);
			path = horizontalTableView;
			sourceTree = "<group>";
		};
		57C807792071BB1900D4D4B1 /* wechat */ = {
			isa = PBXGroup;
			children = (
				57C8077A2071BB1900D4D4B1 /* WechatSheetViewController.swift */,
				57C8077B2071BB1900D4D4B1 /* WechatSheetTableViewCell.swift */,
			);
			path = wechat;
			sourceTree = "<group>";
		};
		57C8077C2071BB1900D4D4B1 /* pushDemo */ = {
			isa = PBXGroup;
			children = (
				57C8077D2071BB1900D4D4B1 /* pushFather */,
				57C8077F2071BB1900D4D4B1 /* PushDemoViewController.swift */,
				57C807802071BB1900D4D4B1 /* PushFirstViewController.swift */,
				57C807812071BB1900D4D4B1 /* pushProtocol */,
			);
			path = pushDemo;
			sourceTree = "<group>";
		};
		57C8077D2071BB1900D4D4B1 /* pushFather */ = {
			isa = PBXGroup;
			children = (
				57C8077E2071BB1900D4D4B1 /* BaseViewController.swift */,
			);
			path = pushFather;
			sourceTree = "<group>";
		};
		57C807812071BB1900D4D4B1 /* pushProtocol */ = {
			isa = PBXGroup;
			children = (
				57C807822071BB1900D4D4B1 /* PushAnimationProtocol.swift */,
				57C807832071BB1900D4D4B1 /* PopAnimationProtocol.swift */,
			);
			path = pushProtocol;
			sourceTree = "<group>";
		};
/* End PBXGroup section */

/* Begin PBXNativeTarget section */
		57C8073D2071B91C00D4D4B1 /* RondoUIControlTest */ = {
			isa = PBXNativeTarget;
			buildConfigurationList = 57C807662071B91C00D4D4B1 /* Build configuration list for PBXNativeTarget "RondoUIControlTest" */;
			buildPhases = (
				C1D8BC454303C067D9310863 /* [CP] Check Pods Manifest.lock */,
				57C8073A2071B91C00D4D4B1 /* Sources */,
				57C8073B2071B91C00D4D4B1 /* Frameworks */,
				57C8073C2071B91C00D4D4B1 /* Resources */,
				0B3F4D1A27D6D67BDA730691 /* [CP] Embed Pods Frameworks */,
				BB4FF8C5B38C35AD59A90841 /* [CP] Copy Pods Resources */,
			);
			buildRules = (
			);
			dependencies = (
			);
			name = RondoUIControlTest;
			productName = RondoUIControlTest;
			productReference = 57C8073E2071B91C00D4D4B1 /* RondoUIControlTest.app */;
			productType = "com.apple.product-type.application";
		};
		57C807512071B91C00D4D4B1 /* RondoUIControlTestTests */ = {
			isa = PBXNativeTarget;
			buildConfigurationList = 57C807692071B91C00D4D4B1 /* Build configuration list for PBXNativeTarget "RondoUIControlTestTests" */;
			buildPhases = (
				57C8074E2071B91C00D4D4B1 /* Sources */,
				57C8074F2071B91C00D4D4B1 /* Frameworks */,
				57C807502071B91C00D4D4B1 /* Resources */,
			);
			buildRules = (
			);
			dependencies = (
				57C807542071B91C00D4D4B1 /* PBXTargetDependency */,
			);
			name = RondoUIControlTestTests;
			productName = RondoUIControlTestTests;
			productReference = 57C807522071B91C00D4D4B1 /* RondoUIControlTestTests.xctest */;
			productType = "com.apple.product-type.bundle.unit-test";
		};
		57C8075C2071B91C00D4D4B1 /* RondoUIControlTestUITests */ = {
			isa = PBXNativeTarget;
			buildConfigurationList = 57C8076C2071B91C00D4D4B1 /* Build configuration list for PBXNativeTarget "RondoUIControlTestUITests" */;
			buildPhases = (
				57C807592071B91C00D4D4B1 /* Sources */,
				57C8075A2071B91C00D4D4B1 /* Frameworks */,
				57C8075B2071B91C00D4D4B1 /* Resources */,
			);
			buildRules = (
			);
			dependencies = (
				57C8075F2071B91C00D4D4B1 /* PBXTargetDependency */,
			);
			name = RondoUIControlTestUITests;
			productName = RondoUIControlTestUITests;
			productReference = 57C8075D2071B91C00D4D4B1 /* RondoUIControlTestUITests.xctest */;
			productType = "com.apple.product-type.bundle.ui-testing";
		};
/* End PBXNativeTarget section */

/* Begin PBXProject section */
		57C807362071B91C00D4D4B1 /* Project object */ = {
			isa = PBXProject;
			attributes = {
				LastSwiftUpdateCheck = 0920;
				LastUpgradeCheck = 0920;
				ORGANIZATIONNAME = Rondo;
				TargetAttributes = {
					57C8073D2071B91C00D4D4B1 = {
						CreatedOnToolsVersion = 9.2;
						ProvisioningStyle = Automatic;
					};
					57C807512071B91C00D4D4B1 = {
						CreatedOnToolsVersion = 9.2;
						ProvisioningStyle = Automatic;
						TestTargetID = 57C8073D2071B91C00D4D4B1;
					};
					57C8075C2071B91C00D4D4B1 = {
						CreatedOnToolsVersion = 9.2;
						ProvisioningStyle = Automatic;
						TestTargetID = 57C8073D2071B91C00D4D4B1;
					};
				};
			};
			buildConfigurationList = 57C807392071B91C00D4D4B1 /* Build configuration list for PBXProject "RondoUIControlTest" */;
			compatibilityVersion = "Xcode 8.0";
			developmentRegion = en;
			hasScannedForEncodings = 0;
			knownRegions = (
				en,
				Base,
			);
			mainGroup = 57C807352071B91C00D4D4B1;
			productRefGroup = 57C8073F2071B91C00D4D4B1 /* Products */;
			projectDirPath = "";
			projectRoot = "";
			targets = (
				57C8073D2071B91C00D4D4B1 /* RondoUIControlTest */,
				57C807512071B91C00D4D4B1 /* RondoUIControlTestTests */,
				57C8075C2071B91C00D4D4B1 /* RondoUIControlTestUITests */,
			);
		};
/* End PBXProject section */

/* Begin PBXResourcesBuildPhase section */
		57C8073C2071B91C00D4D4B1 /* Resources */ = {
			isa = PBXResourcesBuildPhase;
			buildActionMask = 2147483647;
			files = (
				57C8074C2071B91C00D4D4B1 /* LaunchScreen.storyboard in Resources */,
				57C807492071B91C00D4D4B1 /* Assets.xcassets in Resources */,
				57C807472071B91C00D4D4B1 /* Main.storyboard in Resources */,
			);
			runOnlyForDeploymentPostprocessing = 0;
		};
		57C807502071B91C00D4D4B1 /* Resources */ = {
			isa = PBXResourcesBuildPhase;
			buildActionMask = 2147483647;
			files = (
			);
			runOnlyForDeploymentPostprocessing = 0;
		};
		57C8075B2071B91C00D4D4B1 /* Resources */ = {
			isa = PBXResourcesBuildPhase;
			buildActionMask = 2147483647;
			files = (
			);
			runOnlyForDeploymentPostprocessing = 0;
		};
/* End PBXResourcesBuildPhase section */

/* Begin PBXShellScriptBuildPhase section */
		0B3F4D1A27D6D67BDA730691 /* [CP] Embed Pods Frameworks */ = {
			isa = PBXShellScriptBuildPhase;
			buildActionMask = 2147483647;
			files = (
			);
			inputPaths = (
				"${SRCROOT}/Pods/Target Support Files/Pods-RondoUIControlTest/Pods-RondoUIControlTest-frameworks.sh",
				"${BUILT_PRODUCTS_DIR}/Masonry/Masonry.framework",
			);
			name = "[CP] Embed Pods Frameworks";
			outputPaths = (
				"${TARGET_BUILD_DIR}/${FRAMEWORKS_FOLDER_PATH}/Masonry.framework",
			);
			runOnlyForDeploymentPostprocessing = 0;
			shellPath = /bin/sh;
			shellScript = "\"${SRCROOT}/Pods/Target Support Files/Pods-RondoUIControlTest/Pods-RondoUIControlTest-frameworks.sh\"\n";
			showEnvVarsInLog = 0;
		};
		BB4FF8C5B38C35AD59A90841 /* [CP] Copy Pods Resources */ = {
			isa = PBXShellScriptBuildPhase;
			buildActionMask = 2147483647;
			files = (
			);
			inputPaths = (
			);
			name = "[CP] Copy Pods Resources";
			outputPaths = (
			);
			runOnlyForDeploymentPostprocessing = 0;
			shellPath = /bin/sh;
			shellScript = "\"${SRCROOT}/Pods/Target Support Files/Pods-RondoUIControlTest/Pods-RondoUIControlTest-resources.sh\"\n";
			showEnvVarsInLog = 0;
		};
		C1D8BC454303C067D9310863 /* [CP] Check Pods Manifest.lock */ = {
			isa = PBXShellScriptBuildPhase;
			buildActionMask = 2147483647;
			files = (
			);
			inputPaths = (
				"${PODS_PODFILE_DIR_PATH}/Podfile.lock",
				"${PODS_ROOT}/Manifest.lock",
			);
			name = "[CP] Check Pods Manifest.lock";
			outputPaths = (
				"$(DERIVED_FILE_DIR)/Pods-RondoUIControlTest-checkManifestLockResult.txt",
			);
			runOnlyForDeploymentPostprocessing = 0;
			shellPath = /bin/sh;
			shellScript = "diff \"${PODS_PODFILE_DIR_PATH}/Podfile.lock\" \"${PODS_ROOT}/Manifest.lock\" > /dev/null\nif [ $? != 0 ] ; then\n    # print error to STDERR\n    echo \"error: The sandbox is not in sync with the Podfile.lock. Run 'pod install' or update your CocoaPods installation.\" >&2\n    exit 1\nfi\n# This output is used by Xcode 'outputs' to avoid re-running this script phase.\necho \"SUCCESS\" > \"${SCRIPT_OUTPUT_FILE_0}\"\n";
			showEnvVarsInLog = 0;
		};
/* End PBXShellScriptBuildPhase section */

/* Begin PBXSourcesBuildPhase section */
		57C8073A2071B91C00D4D4B1 /* Sources */ = {
			isa = PBXSourcesBuildPhase;
			buildActionMask = 2147483647;
			files = (
				57C807862071BB1900D4D4B1 /* QQAlertTestViewController.swift in Sources */,
				57C807882071BB1900D4D4B1 /* RondoTableViewCell.swift in Sources */,
				57C807892071BB1900D4D4B1 /* HorizontalViewController.swift in Sources */,
				57C807842071BB1900D4D4B1 /* RectPageControl.swift in Sources */,
				57C8078B2071BB1900D4D4B1 /* WechatSheetViewController.swift in Sources */,
				57C8078E2071BB1900D4D4B1 /* PushDemoViewController.swift in Sources */,
				57C807912071BB1900D4D4B1 /* PopAnimationProtocol.swift in Sources */,
				57C807902071BB1900D4D4B1 /* PushAnimationProtocol.swift in Sources */,
				57C8078D2071BB1900D4D4B1 /* BaseViewController.swift in Sources */,
				57C8078F2071BB1900D4D4B1 /* PushFirstViewController.swift in Sources */,
				57C807442071B91C00D4D4B1 /* ViewController.swift in Sources */,
				57C807932071BB3900D4D4B1 /* MacroFile.swift in Sources */,
				57C807422071B91C00D4D4B1 /* AppDelegate.swift in Sources */,
				57C807852071BB1900D4D4B1 /* PageControlTestViewController.swift in Sources */,
				57C807872071BB1900D4D4B1 /* QAlertView.swift in Sources */,
				57C8078C2071BB1900D4D4B1 /* WechatSheetTableViewCell.swift in Sources */,
				57C8078A2071BB1900D4D4B1 /* RondoHorizontalTableView.swift in Sources */,
			);
			runOnlyForDeploymentPostprocessing = 0;
		};
		57C8074E2071B91C00D4D4B1 /* Sources */ = {
			isa = PBXSourcesBuildPhase;
			buildActionMask = 2147483647;
			files = (
				57C807572071B91C00D4D4B1 /* RondoUIControlTestTests.swift in Sources */,
			);
			runOnlyForDeploymentPostprocessing = 0;
		};
		57C807592071B91C00D4D4B1 /* Sources */ = {
			isa = PBXSourcesBuildPhase;
			buildActionMask = 2147483647;
			files = (
				57C807622071B91C00D4D4B1 /* RondoUIControlTestUITests.swift in Sources */,
			);
			runOnlyForDeploymentPostprocessing = 0;
		};
/* End PBXSourcesBuildPhase section */

/* Begin PBXTargetDependency section */
		57C807542071B91C00D4D4B1 /* PBXTargetDependency */ = {
			isa = PBXTargetDependency;
			target = 57C8073D2071B91C00D4D4B1 /* RondoUIControlTest */;
			targetProxy = 57C807532071B91C00D4D4B1 /* PBXContainerItemProxy */;
		};
		57C8075F2071B91C00D4D4B1 /* PBXTargetDependency */ = {
			isa = PBXTargetDependency;
			target = 57C8073D2071B91C00D4D4B1 /* RondoUIControlTest */;
			targetProxy = 57C8075E2071B91C00D4D4B1 /* PBXContainerItemProxy */;
		};
/* End PBXTargetDependency section */

/* Begin PBXVariantGroup section */
		57C807452071B91C00D4D4B1 /* Main.storyboard */ = {
			isa = PBXVariantGroup;
			children = (
				57C807462071B91C00D4D4B1 /* Base */,
			);
			name = Main.storyboard;
			sourceTree = "<group>";
		};
		57C8074A2071B91C00D4D4B1 /* LaunchScreen.storyboard */ = {
			isa = PBXVariantGroup;
			children = (
				57C8074B2071B91C00D4D4B1 /* Base */,
			);
			name = LaunchScreen.storyboard;
			sourceTree = "<group>";
		};
/* End PBXVariantGroup section */

/* Begin XCBuildConfiguration section */
		57C807642071B91C00D4D4B1 /* Debug */ = {
			isa = XCBuildConfiguration;
			buildSettings = {
				ALWAYS_SEARCH_USER_PATHS = NO;
				CLANG_ANALYZER_NONNULL = YES;
				CLANG_ANALYZER_NUMBER_OBJECT_CONVERSION = YES_AGGRESSIVE;
				CLANG_CXX_LANGUAGE_STANDARD = "gnu++14";
				CLANG_CXX_LIBRARY = "libc++";
				CLANG_ENABLE_MODULES = YES;
				CLANG_ENABLE_OBJC_ARC = YES;
				CLANG_WARN_BLOCK_CAPTURE_AUTORELEASING = YES;
				CLANG_WARN_BOOL_CONVERSION = YES;
				CLANG_WARN_COMMA = YES;
				CLANG_WARN_CONSTANT_CONVERSION = YES;
				CLANG_WARN_DIRECT_OBJC_ISA_USAGE = YES_ERROR;
				CLANG_WARN_DOCUMENTATION_COMMENTS = YES;
				CLANG_WARN_EMPTY_BODY = YES;
				CLANG_WARN_ENUM_CONVERSION = YES;
				CLANG_WARN_INFINITE_RECURSION = YES;
				CLANG_WARN_INT_CONVERSION = YES;
				CLANG_WARN_NON_LITERAL_NULL_CONVERSION = YES;
				CLANG_WARN_OBJC_LITERAL_CONVERSION = YES;
				CLANG_WARN_OBJC_ROOT_CLASS = YES_ERROR;
				CLANG_WARN_RANGE_LOOP_ANALYSIS = YES;
				CLANG_WARN_STRICT_PROTOTYPES = YES;
				CLANG_WARN_SUSPICIOUS_MOVE = YES;
				CLANG_WARN_UNGUARDED_AVAILABILITY = YES_AGGRESSIVE;
				CLANG_WARN_UNREACHABLE_CODE = YES;
				CLANG_WARN__DUPLICATE_METHOD_MATCH = YES;
				CODE_SIGN_IDENTITY = "iPhone Developer";
				COPY_PHASE_STRIP = NO;
				DEBUG_INFORMATION_FORMAT = dwarf;
				ENABLE_STRICT_OBJC_MSGSEND = YES;
				ENABLE_TESTABILITY = YES;
				GCC_C_LANGUAGE_STANDARD = gnu11;
				GCC_DYNAMIC_NO_PIC = NO;
				GCC_NO_COMMON_BLOCKS = YES;
				GCC_OPTIMIZATION_LEVEL = 0;
				GCC_PREPROCESSOR_DEFINITIONS = (
					"DEBUG=1",
					"$(inherited)",
				);
				GCC_WARN_64_TO_32_BIT_CONVERSION = YES;
				GCC_WARN_ABOUT_RETURN_TYPE = YES_ERROR;
				GCC_WARN_UNDECLARED_SELECTOR = YES;
				GCC_WARN_UNINITIALIZED_AUTOS = YES_AGGRESSIVE;
				GCC_WARN_UNUSED_FUNCTION = YES;
				GCC_WARN_UNUSED_VARIABLE = YES;
				IPHONEOS_DEPLOYMENT_TARGET = 11.2;
				MTL_ENABLE_DEBUG_INFO = YES;
				ONLY_ACTIVE_ARCH = YES;
				SDKROOT = iphoneos;
				SWIFT_ACTIVE_COMPILATION_CONDITIONS = DEBUG;
				SWIFT_OPTIMIZATION_LEVEL = "-Onone";
			};
			name = Debug;
		};
		57C807652071B91C00D4D4B1 /* Release */ = {
			isa = XCBuildConfiguration;
			buildSettings = {
				ALWAYS_SEARCH_USER_PATHS = NO;
				CLANG_ANALYZER_NONNULL = YES;
				CLANG_ANALYZER_NUMBER_OBJECT_CONVERSION = YES_AGGRESSIVE;
				CLANG_CXX_LANGUAGE_STANDARD = "gnu++14";
				CLANG_CXX_LIBRARY = "libc++";
				CLANG_ENABLE_MODULES = YES;
				CLANG_ENABLE_OBJC_ARC = YES;
				CLANG_WARN_BLOCK_CAPTURE_AUTORELEASING = YES;
				CLANG_WARN_BOOL_CONVERSION = YES;
				CLANG_WARN_COMMA = YES;
				CLANG_WARN_CONSTANT_CONVERSION = YES;
				CLANG_WARN_DIRECT_OBJC_ISA_USAGE = YES_ERROR;
				CLANG_WARN_DOCUMENTATION_COMMENTS = YES;
				CLANG_WARN_EMPTY_BODY = YES;
				CLANG_WARN_ENUM_CONVERSION = YES;
				CLANG_WARN_INFINITE_RECURSION = YES;
				CLANG_WARN_INT_CONVERSION = YES;
				CLANG_WARN_NON_LITERAL_NULL_CONVERSION = YES;
				CLANG_WARN_OBJC_LITERAL_CONVERSION = YES;
				CLANG_WARN_OBJC_ROOT_CLASS = YES_ERROR;
				CLANG_WARN_RANGE_LOOP_ANALYSIS = YES;
				CLANG_WARN_STRICT_PROTOTYPES = YES;
				CLANG_WARN_SUSPICIOUS_MOVE = YES;
				CLANG_WARN_UNGUARDED_AVAILABILITY = YES_AGGRESSIVE;
				CLANG_WARN_UNREACHABLE_CODE = YES;
				CLANG_WARN__DUPLICATE_METHOD_MATCH = YES;
				CODE_SIGN_IDENTITY = "iPhone Developer";
				COPY_PHASE_STRIP = NO;
				DEBUG_INFORMATION_FORMAT = "dwarf-with-dsym";
				ENABLE_NS_ASSERTIONS = NO;
				ENABLE_STRICT_OBJC_MSGSEND = YES;
				GCC_C_LANGUAGE_STANDARD = gnu11;
				GCC_NO_COMMON_BLOCKS = YES;
				GCC_WARN_64_TO_32_BIT_CONVERSION = YES;
				GCC_WARN_ABOUT_RETURN_TYPE = YES_ERROR;
				GCC_WARN_UNDECLARED_SELECTOR = YES;
				GCC_WARN_UNINITIALIZED_AUTOS = YES_AGGRESSIVE;
				GCC_WARN_UNUSED_FUNCTION = YES;
				GCC_WARN_UNUSED_VARIABLE = YES;
				IPHONEOS_DEPLOYMENT_TARGET = 11.2;
				MTL_ENABLE_DEBUG_INFO = NO;
				SDKROOT = iphoneos;
				SWIFT_OPTIMIZATION_LEVEL = "-Owholemodule";
				VALIDATE_PRODUCT = YES;
			};
			name = Release;
		};
		57C807672071B91C00D4D4B1 /* Debug */ = {
			isa = XCBuildConfiguration;
			baseConfigurationReference = F2DDD51CA611F7282FA3E45F /* Pods-RondoUIControlTest.debug.xcconfig */;
			buildSettings = {
				ASSETCATALOG_COMPILER_APPICON_NAME = AppIcon;
				CODE_SIGN_STYLE = Automatic;
				INFOPLIST_FILE = RondoUIControlTest/Info.plist;
				LD_RUNPATH_SEARCH_PATHS = "$(inherited) @executable_path/Frameworks";
				PRODUCT_BUNDLE_IDENTIFIER = Rondo.RondoUIControlTest;
				PRODUCT_NAME = "$(TARGET_NAME)";
				SWIFT_OBJC_BRIDGING_HEADER = "/Users/jiangxuefeng/Desktop/我的桌面/天天向上/RondoUIControlTest/RondoUIControlTest/RondoUIControlTest-Bridging-Header.h";
				SWIFT_VERSION = 4.0;
				TARGETED_DEVICE_FAMILY = "1,2";
			};
			name = Debug;
		};
		57C807682071B91C00D4D4B1 /* Release */ = {
			isa = XCBuildConfiguration;
			baseConfigurationReference = 87F857E7E669F3076259DB25 /* Pods-RondoUIControlTest.release.xcconfig */;
			buildSettings = {
				ASSETCATALOG_COMPILER_APPICON_NAME = AppIcon;
				CODE_SIGN_STYLE = Automatic;
				INFOPLIST_FILE = RondoUIControlTest/Info.plist;
				LD_RUNPATH_SEARCH_PATHS = "$(inherited) @executable_path/Frameworks";
				PRODUCT_BUNDLE_IDENTIFIER = Rondo.RondoUIControlTest;
				PRODUCT_NAME = "$(TARGET_NAME)";
				SWIFT_OBJC_BRIDGING_HEADER = "/Users/jiangxuefeng/Desktop/我的桌面/天天向上/RondoUIControlTest/RondoUIControlTest/RondoUIControlTest-Bridging-Header.h";
				SWIFT_VERSION = 4.0;
				TARGETED_DEVICE_FAMILY = "1,2";
			};
			name = Release;
		};
		57C8076A2071B91C00D4D4B1 /* Debug */ = {
			isa = XCBuildConfiguration;
			buildSettings = {
				ALWAYS_EMBED_SWIFT_STANDARD_LIBRARIES = YES;
				BUNDLE_LOADER = "$(TEST_HOST)";
				CODE_SIGN_STYLE = Automatic;
				INFOPLIST_FILE = RondoUIControlTestTests/Info.plist;
				LD_RUNPATH_SEARCH_PATHS = "$(inherited) @executable_path/Frameworks @loader_path/Frameworks";
				PRODUCT_BUNDLE_IDENTIFIER = Rondo.RondoUIControlTestTests;
				PRODUCT_NAME = "$(TARGET_NAME)";
				SWIFT_VERSION = 4.0;
				TARGETED_DEVICE_FAMILY = "1,2";
				TEST_HOST = "$(BUILT_PRODUCTS_DIR)/RondoUIControlTest.app/RondoUIControlTest";
			};
			name = Debug;
		};
		57C8076B2071B91C00D4D4B1 /* Release */ = {
			isa = XCBuildConfiguration;
			buildSettings = {
				ALWAYS_EMBED_SWIFT_STANDARD_LIBRARIES = YES;
				BUNDLE_LOADER = "$(TEST_HOST)";
				CODE_SIGN_STYLE = Automatic;
				INFOPLIST_FILE = RondoUIControlTestTests/Info.plist;
				LD_RUNPATH_SEARCH_PATHS = "$(inherited) @executable_path/Frameworks @loader_path/Frameworks";
				PRODUCT_BUNDLE_IDENTIFIER = Rondo.RondoUIControlTestTests;
				PRODUCT_NAME = "$(TARGET_NAME)";
				SWIFT_VERSION = 4.0;
				TARGETED_DEVICE_FAMILY = "1,2";
				TEST_HOST = "$(BUILT_PRODUCTS_DIR)/RondoUIControlTest.app/RondoUIControlTest";
			};
			name = Release;
		};
		57C8076D2071B91C00D4D4B1 /* Debug */ = {
			isa = XCBuildConfiguration;
			buildSettings = {
				ALWAYS_EMBED_SWIFT_STANDARD_LIBRARIES = YES;
				CODE_SIGN_STYLE = Automatic;
				INFOPLIST_FILE = RondoUIControlTestUITests/Info.plist;
				LD_RUNPATH_SEARCH_PATHS = "$(inherited) @executable_path/Frameworks @loader_path/Frameworks";
				PRODUCT_BUNDLE_IDENTIFIER = Rondo.RondoUIControlTestUITests;
				PRODUCT_NAME = "$(TARGET_NAME)";
				SWIFT_VERSION = 4.0;
				TARGETED_DEVICE_FAMILY = "1,2";
				TEST_TARGET_NAME = RondoUIControlTest;
			};
			name = Debug;
		};
		57C8076E2071B91C00D4D4B1 /* Release */ = {
			isa = XCBuildConfiguration;
			buildSettings = {
				ALWAYS_EMBED_SWIFT_STANDARD_LIBRARIES = YES;
				CODE_SIGN_STYLE = Automatic;
				INFOPLIST_FILE = RondoUIControlTestUITests/Info.plist;
				LD_RUNPATH_SEARCH_PATHS = "$(inherited) @executable_path/Frameworks @loader_path/Frameworks";
				PRODUCT_BUNDLE_IDENTIFIER = Rondo.RondoUIControlTestUITests;
				PRODUCT_NAME = "$(TARGET_NAME)";
				SWIFT_VERSION = 4.0;
				TARGETED_DEVICE_FAMILY = "1,2";
				TEST_TARGET_NAME = RondoUIControlTest;
			};
			name = Release;
		};
/* End XCBuildConfiguration section */

/* Begin XCConfigurationList section */
		57C807392071B91C00D4D4B1 /* Build configuration list for PBXProject "RondoUIControlTest" */ = {
			isa = XCConfigurationList;
			buildConfigurations = (
				57C807642071B91C00D4D4B1 /* Debug */,
				57C807652071B91C00D4D4B1 /* Release */,
			);
			defaultConfigurationIsVisible = 0;
			defaultConfigurationName = Release;
		};
		57C807662071B91C00D4D4B1 /* Build configuration list for PBXNativeTarget "RondoUIControlTest" */ = {
			isa = XCConfigurationList;
			buildConfigurations = (
				57C807672071B91C00D4D4B1 /* Debug */,
				57C807682071B91C00D4D4B1 /* Release */,
			);
			defaultConfigurationIsVisible = 0;
			defaultConfigurationName = Release;
		};
		57C807692071B91C00D4D4B1 /* Build configuration list for PBXNativeTarget "RondoUIControlTestTests" */ = {
			isa = XCConfigurationList;
			buildConfigurations = (
				57C8076A2071B91C00D4D4B1 /* Debug */,
				57C8076B2071B91C00D4D4B1 /* Release */,
			);
			defaultConfigurationIsVisible = 0;
			defaultConfigurationName = Release;
		};
		57C8076C2071B91C00D4D4B1 /* Build configuration list for PBXNativeTarget "RondoUIControlTestUITests" */ = {
			isa = XCConfigurationList;
			buildConfigurations = (
				57C8076D2071B91C00D4D4B1 /* Debug */,
				57C8076E2071B91C00D4D4B1 /* Release */,
			);
			defaultConfigurationIsVisible = 0;
			defaultConfigurationName = Release;
		};
/* End XCConfigurationList section */
	};
	rootObject = 57C807362071B91C00D4D4B1 /* Project object */;
}
